
Microsoft Visual Studio Solution File, Format Version 12.00
# Visual Studio Version 18
VisualStudioVersion = 18.1.11312.151 d18.0
MinimumVisualStudioVersion = 10.0.40219.1
Project("{FAE04EC0-301F-11D3-BF4B-00C04F79EFBC}") = "Dnp.ScriptRunner", "ScriptRunner\Dnp.ScriptRunner.csproj", "{34D614F3-CB6B-D50D-EC70-A584C4253DC4}"
EndProject
Project("{FAE04EC0-301F-11D3-BF4B-00C04F79EFBC}") = "Dnp.ScriptRunner.Tests", "ScriptRunner.Tests\Dnp.ScriptRunner.Tests.csproj", "{B3D722EC-5132-EE15-83B2-66D2500539D0}"
EndProject
Project("{2150E333-8FDC-42A3-9474-1A3956D46DE8}") = "Docs", "Docs", "{20E963FE-E065-459C-9635-5557A8C5BAD6}"
	ProjectSection(SolutionItems) = preProject
		README.md = README.md
	EndProjectSection
EndProject
Global
	GlobalSection(SolutionConfigurationPlatforms) = preSolution
		Debug|Any CPU = Debug|Any CPU
		Release|Any CPU = Release|Any CPU
	EndGlobalSection
	GlobalSection(ProjectConfigurationPlatforms) = postSolution
		{34D614F3-CB6B-D50D-EC70-A584C4253DC4}.Debug|Any CPU.ActiveCfg = Debug|Any CPU
		{34D614F3-CB6B-D50D-EC70-A584C4253DC4}.Debug|Any CPU.Build.0 = Debug|Any CPU
		{34D614F3-CB6B-D50D-EC70-A584C4253DC4}.Release|Any CPU.ActiveCfg = Release|Any CPU
		{34D614F3-CB6B-D50D-EC70-A584C4253DC4}.Release|Any CPU.Build.0 = Release|Any CPU
		{B3D722EC-5132-EE15-83B2-66D2500539D0}.Debug|Any CPU.ActiveCfg = Debug|Any CPU
		{B3D722EC-5132-EE15-83B2-66D2500539D0}.Debug|Any CPU.Build.0 = Debug|Any CPU
		{B3D722EC-5132-EE15-83B2-66D2500539D0}.Release|Any CPU.ActiveCfg = Release|Any CPU
		{B3D722EC-5132-EE15-83B2-66D2500539D0}.Release|Any CPU.Build.0 = Release|Any CPU
	EndGlobalSection
	GlobalSection(SolutionProperties) = preSolution
		HideSolutionNode = FALSE
	EndGlobalSection
	GlobalSection(ExtensibilityGlobals) = postSolution
		SolutionGuid = {A5251D18-EDC9-401C-BE42-BD8C58547EA6}
	EndGlobalSection
EndGlobal
